
Microsoft Visual Studio Solution File, Format Version 12.00
# Visual Studio Version 17
VisualStudioVersion = 17.13.35919.96 d17.13
MinimumVisualStudioVersion = 10.0.40219.1
Project("{FAE04EC0-301F-11D3-BF4B-00C04F79EFBC}") = "CarRentalSystem", "CarRentalSystem\CarRentalSystem.csproj", "{017B9278-A874-467E-A498-F62E6440BC98}"
EndProject
Global
	GlobalSection(SolutionConfigurationPlatforms) = preSolution
		Debug|Any CPU = Debug|Any CPU
		Release|Any CPU = Release|Any CPU
	EndGlobalSection
	GlobalSection(ProjectConfigurationPlatforms) = postSolution
		{017B9278-A874-467E-A498-F62E6440BC98}.Debug|Any CPU.ActiveCfg = Debug|Any CPU
		{017B9278-A874-467E-A498-F62E6440BC98}.Debug|Any CPU.Build.0 = Debug|Any CPU
		{017B9278-A874-467E-A498-F62E6440BC98}.Release|Any CPU.ActiveCfg = Release|Any CPU
		{017B9278-A874-467E-A498-F62E6440BC98}.Release|Any CPU.Build.0 = Release|Any CPU
	EndGlobalSection
	GlobalSection(SolutionProperties) = preSolution
		HideSolutionNode = FALSE
	EndGlobalSection
	GlobalSection(ExtensibilityGlobals) = postSolution
		SolutionGuid = {4BEC51B9-C2DE-43DB-BA8E-2ED2CBB5FA36}
	EndGlobalSection
EndGlobal
